
Microsoft Visual Studio Solution File, Format Version 12.00
# Visual Studio Version 17
VisualStudioVersion = 17.8.34525.116
MinimumVisualStudioVersion = 10.0.40219.1
Project("{54A90642-561A-4BB1-A94E-469ADEE60C69}") = "Frontend", "Frontend.esproj", "{0554E5C6-678C-4E51-976F-E6A848DAD43D}"
EndProject
Global
	GlobalSection(SolutionConfigurationPlatforms) = preSolution
		Debug|Any CPU = Debug|Any CPU
		Release|Any CPU = Release|Any CPU
	EndGlobalSection
	GlobalSection(ProjectConfigurationPlatforms) = postSolution
		{0554E5C6-678C-4E51-976F-E6A848DAD43D}.Debug|Any CPU.ActiveCfg = Debug|Any CPU
		{0554E5C6-678C-4E51-976F-E6A848DAD43D}.Debug|Any CPU.Build.0 = Debug|Any CPU
		{0554E5C6-678C-4E51-976F-E6A848DAD43D}.Debug|Any CPU.Deploy.0 = Debug|Any CPU
		{0554E5C6-678C-4E51-976F-E6A848DAD43D}.Release|Any CPU.ActiveCfg = Release|Any CPU
		{0554E5C6-678C-4E51-976F-E6A848DAD43D}.Release|Any CPU.Build.0 = Release|Any CPU
		{0554E5C6-678C-4E51-976F-E6A848DAD43D}.Release|Any CPU.Deploy.0 = Release|Any CPU
	EndGlobalSection
	GlobalSection(SolutionProperties) = preSolution
		HideSolutionNode = FALSE
	EndGlobalSection
	GlobalSection(ExtensibilityGlobals) = postSolution
		SolutionGuid = {68B85921-57F6-4DED-AC15-F466A0A70FFA}
	EndGlobalSection
EndGlobal
