
Microsoft Visual Studio Solution File, Format Version 12.00
# Visual Studio Version 17
VisualStudioVersion = 17.7.34018.315
MinimumVisualStudioVersion = 10.0.40219.1
Project("{FAE04EC0-301F-11D3-BF4B-00C04F79EFBC}") = "Uber Eats Trip Delivery Portfolio Project", "Uber Eats Trip Delivery Portfolio Project\Uber Eats Trip Delivery Portfolio Project.csproj", "{D4EC99DE-7970-4582-A90C-E827BA898F93}"
EndProject
Global
	GlobalSection(SolutionConfigurationPlatforms) = preSolution
		Debug|Any CPU = Debug|Any CPU
		Release|Any CPU = Release|Any CPU
	EndGlobalSection
	GlobalSection(ProjectConfigurationPlatforms) = postSolution
		{D4EC99DE-7970-4582-A90C-E827BA898F93}.Debug|Any CPU.ActiveCfg = Debug|Any CPU
		{D4EC99DE-7970-4582-A90C-E827BA898F93}.Debug|Any CPU.Build.0 = Debug|Any CPU
		{D4EC99DE-7970-4582-A90C-E827BA898F93}.Release|Any CPU.ActiveCfg = Release|Any CPU
		{D4EC99DE-7970-4582-A90C-E827BA898F93}.Release|Any CPU.Build.0 = Release|Any CPU
	EndGlobalSection
	GlobalSection(SolutionProperties) = preSolution
		HideSolutionNode = FALSE
	EndGlobalSection
	GlobalSection(ExtensibilityGlobals) = postSolution
		SolutionGuid = {3CD1C493-101D-4F31-A441-F127C1039B29}
	EndGlobalSection
EndGlobal
